// !$*UTF8*$!
{
	archiveVersion = 1;
	classes = {
	};
	objectVersion = 46;
	objects = {

/* Begin PBXBuildFile section */
		14FC1A5F163C266D00113C12 /* UIKit.framework in Frameworks */ = {isa = PBXBuildFile; fileRef = 14FC1A5E163C266D00113C12 /* UIKit.framework */; };
		14FC1A61163C266D00113C12 /* Foundation.framework in Frameworks */ = {isa = PBXBuildFile; fileRef = 14FC1A60163C266D00113C12 /* Foundation.framework */; };
		14FC1A63163C266D00113C12 /* CoreGraphics.framework in Frameworks */ = {isa = PBXBuildFile; fileRef = 14FC1A62163C266D00113C12 /* CoreGraphics.framework */; };
		14FC1A69163C266D00113C12 /* InfoPlist.strings in Resources */ = {isa = PBXBuildFile; fileRef = 14FC1A67163C266D00113C12 /* InfoPlist.strings */; };
		14FC1A6B163C266D00113C12 /* main.m in Sources */ = {isa = PBXBuildFile; fileRef = 14FC1A6A163C266D00113C12 /* main.m */; };
		14FC1A6F163C266D00113C12 /* AppDelegate.m in Sources */ = {isa = PBXBuildFile; fileRef = 14FC1A6E163C266D00113C12 /* AppDelegate.m */; };
		14FC1A71163C266D00113C12 /* Default.png in Resources */ = {isa = PBXBuildFile; fileRef = 14FC1A70163C266D00113C12 /* Default.png */; };
		14FC1A73163C266D00113C12 /* Default@2x.png in Resources */ = {isa = PBXBuildFile; fileRef = 14FC1A72163C266D00113C12 /* Default@2x.png */; };
		14FC1A75163C266D00113C12 /* Default-568h@2x.png in Resources */ = {isa = PBXBuildFile; fileRef = 14FC1A74163C266D00113C12 /* Default-568h@2x.png */; };
		14FC1A78163C266D00113C12 /* ViewController.m in Sources */ = {isa = PBXBuildFile; fileRef = 14FC1A77163C266D00113C12 /* ViewController.m */; };
		14FC1A7B163C266D00113C12 /* ViewController.xib in Resources */ = {isa = PBXBuildFile; fileRef = 14FC1A79163C266D00113C12 /* ViewController.xib */; };
		14FC1A89163C311A00113C12 /* QuartzCore.framework in Frameworks */ = {isa = PBXBuildFile; fileRef = 14FC1A88163C311A00113C12 /* QuartzCore.framework */; };
		14FC1A8B163C3BE200113C12 /* woodblock.aif in Resources */ = {isa = PBXBuildFile; fileRef = 14FC1A8A163C3BE200113C12 /* woodblock.aif */; };
		14FC1A8D163C3BF800113C12 /* AudioToolbox.framework in Frameworks */ = {isa = PBXBuildFile; fileRef = 14FC1A8C163C3BF800113C12 /* AudioToolbox.framework */; };
		14FC1AE9163C858C00113C12 /* icon.png in Resources */ = {isa = PBXBuildFile; fileRef = 14FC1AE8163C858C00113C12 /* icon.png */; };
		14FC1AEC163C859300113C12 /* icon@2x.png in Resources */ = {isa = PBXBuildFile; fileRef = 14FC1AEB163C859300113C12 /* icon@2x.png */; };
/* End PBXBuildFile section */

/* Begin PBXFileReference section */
		14FC1A5A163C266D00113C12 /* Gravity.app */ = {isa = PBXFileReference; explicitFileType = wrapper.application; includeInIndex = 0; path = Gravity.app; sourceTree = BUILT_PRODUCTS_DIR; };
		14FC1A5E163C266D00113C12 /* UIKit.framework */ = {isa = PBXFileReference; lastKnownFileType = wrapper.framework; name = UIKit.framework; path = System/Library/Frameworks/UIKit.framework; sourceTree = SDKROOT; };
		14FC1A60163C266D00113C12 /* Foundation.framework */ = {isa = PBXFileReference; lastKnownFileType = wrapper.framework; name = Foundation.framework; path = System/Library/Frameworks/Foundation.framework; sourceTree = SDKROOT; };
		14FC1A62163C266D00113C12 /* CoreGraphics.framework */ = {isa = PBXFileReference; lastKnownFileType = wrapper.framework; name = CoreGraphics.framework; path = System/Library/Frameworks/CoreGraphics.framework; sourceTree = SDKROOT; };
		14FC1A66163C266D00113C12 /* Gravity-Info.plist */ = {isa = PBXFileReference; lastKnownFileType = text.plist.xml; path = "Gravity-Info.plist"; sourceTree = "<group>"; };
		14FC1A68163C266D00113C12 /* en */ = {isa = PBXFileReference; lastKnownFileType = text.plist.strings; name = en; path = en.lproj/InfoPlist.strings; sourceTree = "<group>"; };
		14FC1A6A163C266D00113C12 /* main.m */ = {isa = PBXFileReference; lastKnownFileType = sourcecode.c.objc; path = main.m; sourceTree = "<group>"; };
		14FC1A6C163C266D00113C12 /* Gravity-Prefix.pch */ = {isa = PBXFileReference; lastKnownFileType = sourcecode.c.h; path = "Gravity-Prefix.pch"; sourceTree = "<group>"; };
		14FC1A6D163C266D00113C12 /* AppDelegate.h */ = {isa = PBXFileReference; lastKnownFileType = sourcecode.c.h; path = AppDelegate.h; sourceTree = "<group>"; };
		14FC1A6E163C266D00113C12 /* AppDelegate.m */ = {isa = PBXFileReference; lastKnownFileType = sourcecode.c.objc; path = AppDelegate.m; sourceTree = "<group>"; };
		14FC1A70163C266D00113C12 /* Default.png */ = {isa = PBXFileReference; lastKnownFileType = image.png; path = Default.png; sourceTree = "<group>"; };
		14FC1A72163C266D00113C12 /* Default@2x.png */ = {isa = PBXFileReference; lastKnownFileType = image.png; path = "Default@2x.png"; sourceTree = "<group>"; };
		14FC1A74163C266D00113C12 /* Default-568h@2x.png */ = {isa = PBXFileReference; lastKnownFileType = image.png; path = "Default-568h@2x.png"; sourceTree = "<group>"; };
		14FC1A76163C266D00113C12 /* ViewController.h */ = {isa = PBXFileReference; lastKnownFileType = sourcecode.c.h; path = ViewController.h; sourceTree = "<group>"; };
		14FC1A77163C266D00113C12 /* ViewController.m */ = {isa = PBXFileReference; lastKnownFileType = sourcecode.c.objc; path = ViewController.m; sourceTree = "<group>"; };
		14FC1A7A163C266D00113C12 /* en */ = {isa = PBXFileReference; lastKnownFileType = file.xib; name = en; path = en.lproj/ViewController.xib; sourceTree = "<group>"; };
		14FC1A88163C311A00113C12 /* QuartzCore.framework */ = {isa = PBXFileReference; lastKnownFileType = wrapper.framework; name = QuartzCore.framework; path = System/Library/Frameworks/QuartzCore.framework; sourceTree = SDKROOT; };
		14FC1A8A163C3BE200113C12 /* woodblock.aif */ = {isa = PBXFileReference; lastKnownFileType = file; path = woodblock.aif; sourceTree = "<group>"; };
		14FC1A8C163C3BF800113C12 /* AudioToolbox.framework */ = {isa = PBXFileReference; lastKnownFileType = wrapper.framework; name = AudioToolbox.framework; path = System/Library/Frameworks/AudioToolbox.framework; sourceTree = SDKROOT; };
		14FC1AE8163C858C00113C12 /* icon.png */ = {isa = PBXFileReference; lastKnownFileType = image.png; path = icon.png; sourceTree = "<group>"; };
		14FC1AEB163C859300113C12 /* icon@2x.png */ = {isa = PBXFileReference; lastKnownFileType = image.png; path = "icon@2x.png"; sourceTree = "<group>"; };
/* End PBXFileReference section */

/* Begin PBXFrameworksBuildPhase section */
		14FC1A57163C266D00113C12 /* Frameworks */ = {
			isa = PBXFrameworksBuildPhase;
			buildActionMask = 2147483647;
			files = (
				14FC1A8D163C3BF800113C12 /* AudioToolbox.framework in Frameworks */,
				14FC1A89163C311A00113C12 /* QuartzCore.framework in Frameworks */,
				14FC1A5F163C266D00113C12 /* UIKit.framework in Frameworks */,
				14FC1A61163C266D00113C12 /* Foundation.framework in Frameworks */,
				14FC1A63163C266D00113C12 /* CoreGraphics.framework in Frameworks */,
			);
			runOnlyForDeploymentPostprocessing = 0;
		};
/* End PBXFrameworksBuildPhase section */

/* Begin PBXGroup section */
		14FC1A4F163C266D00113C12 = {
			isa = PBXGroup;
			children = (
				14FC1A64163C266D00113C12 /* Gravity */,
				14FC1A5D163C266D00113C12 /* Frameworks */,
				14FC1A5B163C266D00113C12 /* Products */,
			);
			sourceTree = "<group>";
		};
		14FC1A5B163C266D00113C12 /* Products */ = {
			isa = PBXGroup;
			children = (
				14FC1A5A163C266D00113C12 /* Gravity.app */,
			);
			name = Products;
			sourceTree = "<group>";
		};
		14FC1A5D163C266D00113C12 /* Frameworks */ = {
			isa = PBXGroup;
			children = (
				14FC1A8C163C3BF800113C12 /* AudioToolbox.framework */,
				14FC1A88163C311A00113C12 /* QuartzCore.framework */,
				14FC1A5E163C266D00113C12 /* UIKit.framework */,
				14FC1A60163C266D00113C12 /* Foundation.framework */,
				14FC1A62163C266D00113C12 /* CoreGraphics.framework */,
			);
			name = Frameworks;
			sourceTree = "<group>";
		};
		14FC1A64163C266D00113C12 /* Gravity */ = {
			isa = PBXGroup;
			children = (
				14FC1A6D163C266D00113C12 /* AppDelegate.h */,
				14FC1A6E163C266D00113C12 /* AppDelegate.m */,
				14FC1A76163C266D00113C12 /* ViewController.h */,
				14FC1A77163C266D00113C12 /* ViewController.m */,
				14FC1A79163C266D00113C12 /* ViewController.xib */,
				14FC1A8E163C527D00113C12 /* Images & Sound */,
				14FC1A65163C266D00113C12 /* Supporting Files */,
			);
			path = Gravity;
			sourceTree = "<group>";
		};
		14FC1A65163C266D00113C12 /* Supporting Files */ = {
			isa = PBXGroup;
			children = (
				14FC1A66163C266D00113C12 /* Gravity-Info.plist */,
				14FC1A67163C266D00113C12 /* InfoPlist.strings */,
				14FC1A6A163C266D00113C12 /* main.m */,
				14FC1A6C163C266D00113C12 /* Gravity-Prefix.pch */,
				14FC1A70163C266D00113C12 /* Default.png */,
				14FC1A72163C266D00113C12 /* Default@2x.png */,
				14FC1A74163C266D00113C12 /* Default-568h@2x.png */,
			);
			name = "Supporting Files";
			sourceTree = "<group>";
		};
		14FC1A8E163C527D00113C12 /* Images & Sound */ = {
			isa = PBXGroup;
			children = (
				14FC1AE8163C858C00113C12 /* icon.png */,
				14FC1AEB163C859300113C12 /* icon@2x.png */,
				14FC1A8A163C3BE200113C12 /* woodblock.aif */,
			);
			name = "Images & Sound";
			sourceTree = "<group>";
		};
/* End PBXGroup section */

/* Begin PBXNativeTarget section */
		14FC1A59163C266D00113C12 /* Gravity */ = {
			isa = PBXNativeTarget;
			buildConfigurationList = 14FC1A7E163C266D00113C12 /* Build configuration list for PBXNativeTarget "Gravity" */;
			buildPhases = (
				14FC1A56163C266D00113C12 /* Sources */,
				14FC1A57163C266D00113C12 /* Frameworks */,
				14FC1A58163C266D00113C12 /* Resources */,
			);
			buildRules = (
			);
			dependencies = (
			);
			name = Gravity;
			productName = Gravity;
			productReference = 14FC1A5A163C266D00113C12 /* Gravity.app */;
			productType = "com.apple.product-type.application";
		};
/* End PBXNativeTarget section */

/* Begin PBXProject section */
		14FC1A51163C266D00113C12 /* Project object */ = {
			isa = PBXProject;
			attributes = {
				LastUpgradeCheck = 0450;
				ORGANIZATIONNAME = "Benoit Widemann";
			};
			buildConfigurationList = 14FC1A54163C266D00113C12 /* Build configuration list for PBXProject "Gravity" */;
			compatibilityVersion = "Xcode 3.2";
			developmentRegion = English;
			hasScannedForEncodings = 0;
			knownRegions = (
				en,
			);
			mainGroup = 14FC1A4F163C266D00113C12;
			productRefGroup = 14FC1A5B163C266D00113C12 /* Products */;
			projectDirPath = "";
			projectRoot = "";
			targets = (
				14FC1A59163C266D00113C12 /* Gravity */,
			);
		};
/* End PBXProject section */

/* Begin PBXResourcesBuildPhase section */
		14FC1A58163C266D00113C12 /* Resources */ = {
			isa = PBXResourcesBuildPhase;
			buildActionMask = 2147483647;
			files = (
				14FC1A69163C266D00113C12 /* InfoPlist.strings in Resources */,
				14FC1A71163C266D00113C12 /* Default.png in Resources */,
				14FC1A73163C266D00113C12 /* Default@2x.png in Resources */,
				14FC1A75163C266D00113C12 /* Default-568h@2x.png in Resources */,
				14FC1A7B163C266D00113C12 /* ViewController.xib in Resources */,
				14FC1A8B163C3BE200113C12 /* woodblock.aif in Resources */,
				14FC1AE9163C858C00113C12 /* icon.png in Resources */,
				14FC1AEC163C859300113C12 /* icon@2x.png in Resources */,
			);
			runOnlyForDeploymentPostprocessing = 0;
		};
/* End PBXResourcesBuildPhase section */

/* Begin PBXSourcesBuildPhase section */
		14FC1A56163C266D00113C12 /* Sources */ = {
			isa = PBXSourcesBuildPhase;
			buildActionMask = 2147483647;
			files = (
				14FC1A6B163C266D00113C12 /* main.m in Sources */,
				14FC1A6F163C266D00113C12 /* AppDelegate.m in Sources */,
				14FC1A78163C266D00113C12 /* ViewController.m in Sources */,
			);
			runOnlyForDeploymentPostprocessing = 0;
		};
/* End PBXSourcesBuildPhase section */

/* Begin PBXVariantGroup section */
		14FC1A67163C266D00113C12 /* InfoPlist.strings */ = {
			isa = PBXVariantGroup;
			children = (
				14FC1A68163C266D00113C12 /* en */,
			);
			name = InfoPlist.strings;
			sourceTree = "<group>";
		};
		14FC1A79163C266D00113C12 /* ViewController.xib */ = {
			isa = PBXVariantGroup;
			children = (
				14FC1A7A163C266D00113C12 /* en */,
			);
			name = ViewController.xib;
			sourceTree = "<group>";
		};
/* End PBXVariantGroup section */

/* Begin XCBuildConfiguration section */
		14FC1A7C163C266D00113C12 /* Debug */ = {
			isa = XCBuildConfiguration;
			buildSettings = {
				ALWAYS_SEARCH_USER_PATHS = NO;
				CLANG_CXX_LANGUAGE_STANDARD = "gnu++0x";
				CLANG_CXX_LIBRARY = "libc++";
				CLANG_WARN_EMPTY_BODY = YES;
				CLANG_WARN__DUPLICATE_METHOD_MATCH = YES;
				"CODE_SIGN_IDENTITY[sdk=iphoneos*]" = "iPhone Developer";
				COPY_PHASE_STRIP = NO;
				GCC_C_LANGUAGE_STANDARD = gnu99;
				GCC_DYNAMIC_NO_PIC = NO;
				GCC_OPTIMIZATION_LEVEL = 0;
				GCC_PREPROCESSOR_DEFINITIONS = (
					"DEBUG=1",
					"$(inherited)",
				);
				GCC_SYMBOLS_PRIVATE_EXTERN = NO;
				GCC_WARN_ABOUT_RETURN_TYPE = YES;
				GCC_WARN_UNINITIALIZED_AUTOS = YES;
				GCC_WARN_UNUSED_VARIABLE = YES;
				IPHONEOS_DEPLOYMENT_TARGET = 6.0;
				ONLY_ACTIVE_ARCH = YES;
				SDKROOT = iphoneos;
			};
			name = Debug;
		};
		14FC1A7D163C266D00113C12 /* Release */ = {
			isa = XCBuildConfiguration;
			buildSettings = {
				ALWAYS_SEARCH_USER_PATHS = NO;
				CLANG_CXX_LANGUAGE_STANDARD = "gnu++0x";
				CLANG_CXX_LIBRARY = "libc++";
				CLANG_WARN_EMPTY_BODY = YES;
				CLANG_WARN__DUPLICATE_METHOD_MATCH = YES;
				"CODE_SIGN_IDENTITY[sdk=iphoneos*]" = "iPhone Developer";
				COPY_PHASE_STRIP = YES;
				GCC_C_LANGUAGE_STANDARD = gnu99;
				GCC_WARN_ABOUT_RETURN_TYPE = YES;
				GCC_WARN_UNINITIALIZED_AUTOS = YES;
				GCC_WARN_UNUSED_VARIABLE = YES;
				IPHONEOS_DEPLOYMENT_TARGET = 6.0;
				OTHER_CFLAGS = "-DNS_BLOCK_ASSERTIONS=1";
				SDKROOT = iphoneos;
				VALIDATE_PRODUCT = YES;
			};
			name = Release;
		};
		14FC1A7F163C266D00113C12 /* Debug */ = {
			isa = XCBuildConfiguration;
			buildSettings = {
				GCC_PRECOMPILE_PREFIX_HEADER = YES;
				GCC_PREFIX_HEADER = "Gravity/Gravity-Prefix.pch";
				INFOPLIST_FILE = "Gravity/Gravity-Info.plist";
				IPHONEOS_DEPLOYMENT_TARGET = 4.3;
				PRODUCT_NAME = "$(TARGET_NAME)";
				WRAPPER_EXTENSION = app;
			};
			name = Debug;
		};
		14FC1A80163C266D00113C12 /* Release */ = {
			isa = XCBuildConfiguration;
			buildSettings = {
				GCC_PRECOMPILE_PREFIX_HEADER = YES;
				GCC_PREFIX_HEADER = "Gravity/Gravity-Prefix.pch";
				INFOPLIST_FILE = "Gravity/Gravity-Info.plist";
				IPHONEOS_DEPLOYMENT_TARGET = 4.3;
				PRODUCT_NAME = "$(TARGET_NAME)";
				WRAPPER_EXTENSION = app;
			};
			name = Release;
		};
/* End XCBuildConfiguration section */

/* Begin XCConfigurationList section */
		14FC1A54163C266D00113C12 /* Build configuration list for PBXProject "Gravity" */ = {
			isa = XCConfigurationList;
			buildConfigurations = (
				14FC1A7C163C266D00113C12 /* Debug */,
				14FC1A7D163C266D00113C12 /* Release */,
			);
			defaultConfigurationIsVisible = 0;
			defaultConfigurationName = Release;
		};
		14FC1A7E163C266D00113C12 /* Build configuration list for PBXNativeTarget "Gravity" */ = {
			isa = XCConfigurationList;
			buildConfigurations = (
				14FC1A7F163C266D00113C12 /* Debug */,
				14FC1A80163C266D00113C12 /* Release */,
			);
			defaultConfigurationIsVisible = 0;
			defaultConfigurationName = Release;
		};
/* End XCConfigurationList section */
	};
	rootObject = 14FC1A51163C266D00113C12 /* Project object */;
}
